
Microsoft Visual Studio Solution File, Format Version 12.00
# Visual Studio 14
VisualStudioVersion = 14.0.23107.0
MinimumVisualStudioVersion = 10.0.40219.1
Project("{2150E333-8FDC-42A3-9474-1A3956D46DE8}") = "Lesson1_Patterns", "Lesson1_Patterns", "{6C1A1456-8065-4D00-803D-D52A65CFA5E0}"
EndProject
Project("{2150E333-8FDC-42A3-9474-1A3956D46DE8}") = "Lesson2_Modules", "Lesson2_Modules", "{3FBDB18D-BBDF-4EAA-89C4-FBDC482615C7}"
EndProject
Project("{2150E333-8FDC-42A3-9474-1A3956D46DE8}") = "Lesson3_Aggregates", "Lesson3_Aggregates", "{49D941CC-6D40-49FA-A148-7E0CDF4F9534}"
EndProject
Project("{2150E333-8FDC-42A3-9474-1A3956D46DE8}") = "Lesson4_CQRS_ES", "Lesson4_CQRS_ES", "{6E1BB767-28AC-4398-96CE-CD5CE26A590B}"
EndProject
Project("{2150E333-8FDC-42A3-9474-1A3956D46DE8}") = "Lesson5_EventDriven", "Lesson5_EventDriven", "{F39D75BC-B016-4D0D-AFF0-70A92BF527EA}"
EndProject
Project("{FAE04EC0-301F-11D3-BF4B-00C04F79EFBC}") = "Patterns", "Patterns\Patterns.csproj", "{F7467E07-1732-44F9-8CA7-2CC0A236FE20}"
EndProject
Global
	GlobalSection(SolutionConfigurationPlatforms) = preSolution
		Debug|Any CPU = Debug|Any CPU
		Release|Any CPU = Release|Any CPU
	EndGlobalSection
	GlobalSection(ProjectConfigurationPlatforms) = postSolution
		{F7467E07-1732-44F9-8CA7-2CC0A236FE20}.Debug|Any CPU.ActiveCfg = Debug|Any CPU
		{F7467E07-1732-44F9-8CA7-2CC0A236FE20}.Debug|Any CPU.Build.0 = Debug|Any CPU
		{F7467E07-1732-44F9-8CA7-2CC0A236FE20}.Release|Any CPU.ActiveCfg = Release|Any CPU
		{F7467E07-1732-44F9-8CA7-2CC0A236FE20}.Release|Any CPU.Build.0 = Release|Any CPU
	EndGlobalSection
	GlobalSection(SolutionProperties) = preSolution
		HideSolutionNode = FALSE
	EndGlobalSection
	GlobalSection(NestedProjects) = preSolution
		{F7467E07-1732-44F9-8CA7-2CC0A236FE20} = {6C1A1456-8065-4D00-803D-D52A65CFA5E0}
	EndGlobalSection
EndGlobal
